
Microsoft Visual Studio Solution File, Format Version 12.00
# Visual Studio Version 16
VisualStudioVersion = 16.0.32002.261
MinimumVisualStudioVersion = 10.0.40219.1
Project("{FAE04EC0-301F-11D3-BF4B-00C04F79EFBC}") = "MedicalStoreWebAPI", "MedicalStoreWebAPI\MedicalStoreWebAPI.csproj", "{D857B93B-FD79-4CF4-B267-CF89ACD62307}"
EndProject
Global
	GlobalSection(SolutionConfigurationPlatforms) = preSolution
		Debug|Any CPU = Debug|Any CPU
		Release|Any CPU = Release|Any CPU
	EndGlobalSection
	GlobalSection(ProjectConfigurationPlatforms) = postSolution
		{D857B93B-FD79-4CF4-B267-CF89ACD62307}.Debug|Any CPU.ActiveCfg = Debug|Any CPU
		{D857B93B-FD79-4CF4-B267-CF89ACD62307}.Debug|Any CPU.Build.0 = Debug|Any CPU
		{D857B93B-FD79-4CF4-B267-CF89ACD62307}.Release|Any CPU.ActiveCfg = Release|Any CPU
		{D857B93B-FD79-4CF4-B267-CF89ACD62307}.Release|Any CPU.Build.0 = Release|Any CPU
	EndGlobalSection
	GlobalSection(SolutionProperties) = preSolution
		HideSolutionNode = FALSE
	EndGlobalSection
	GlobalSection(ExtensibilityGlobals) = postSolution
		SolutionGuid = {33752C17-A821-467F-8AB8-F1CC3497CD7E}
	EndGlobalSection
EndGlobal
